// !$*UTF8*$!
{
	archiveVersion = 1;
	classes = {
	};
	objectVersion = 46;
	objects = {

/* Begin PBXBuildFile section */
		7E1383231E51841200AE57C7 /* main.m in Sources */ = {isa = PBXBuildFile; fileRef = 7E1383221E51841200AE57C7 /* main.m */; };
		7E1383261E51841200AE57C7 /* AppDelegate.m in Sources */ = {isa = PBXBuildFile; fileRef = 7E1383251E51841200AE57C7 /* AppDelegate.m */; };
		7E1383291E51841200AE57C7 /* ViewController.m in Sources */ = {isa = PBXBuildFile; fileRef = 7E1383281E51841200AE57C7 /* ViewController.m */; };
		7E13832C1E51841200AE57C7 /* Main.storyboard in Resources */ = {isa = PBXBuildFile; fileRef = 7E13832A1E51841200AE57C7 /* Main.storyboard */; };
		7E13832E1E51841200AE57C7 /* Assets.xcassets in Resources */ = {isa = PBXBuildFile; fileRef = 7E13832D1E51841200AE57C7 /* Assets.xcassets */; };
		7E1383311E51841200AE57C7 /* LaunchScreen.storyboard in Resources */ = {isa = PBXBuildFile; fileRef = 7E13832F1E51841200AE57C7 /* LaunchScreen.storyboard */; };
		7E13833C1E51841200AE57C7 /* CCPUBSUITests.m in Sources */ = {isa = PBXBuildFile; fileRef = 7E13833B1E51841200AE57C7 /* CCPUBSUITests.m */; };
		7E1383491E5184CA00AE57C7 /* UIViewController+PageStatistics.m in Sources */ = {isa = PBXBuildFile; fileRef = 7E1383481E5184CA00AE57C7 /* UIViewController+PageStatistics.m */; };
		7E13834C1E5186CC00AE57C7 /* CCPRuntime.m in Sources */ = {isa = PBXBuildFile; fileRef = 7E13834B1E5186CC00AE57C7 /* CCPRuntime.m */; };
		7E7562011E51DE6B0044751A /* UIControl+ControlStatistics.m in Sources */ = {isa = PBXBuildFile; fileRef = 7E7562001E51DE6B0044751A /* UIControl+ControlStatistics.m */; };
		7E7562041E51E9220044751A /* TestViewController.m in Sources */ = {isa = PBXBuildFile; fileRef = 7E7562031E51E9220044751A /* TestViewController.m */; };
/* End PBXBuildFile section */

/* Begin PBXContainerItemProxy section */
		7E1383381E51841200AE57C7 /* PBXContainerItemProxy */ = {
			isa = PBXContainerItemProxy;
			containerPortal = 7E1383161E51841200AE57C7 /* Project object */;
			proxyType = 1;
			remoteGlobalIDString = 7E13831D1E51841200AE57C7;
			remoteInfo = CCPUBS;
		};
/* End PBXContainerItemProxy section */

/* Begin PBXFileReference section */
		7E13831E1E51841200AE57C7 /* CCPUBS.app */ = {isa = PBXFileReference; explicitFileType = wrapper.application; includeInIndex = 0; path = CCPUBS.app; sourceTree = BUILT_PRODUCTS_DIR; };
		7E1383221E51841200AE57C7 /* main.m */ = {isa = PBXFileReference; lastKnownFileType = sourcecode.c.objc; path = main.m; sourceTree = "<group>"; };
		7E1383241E51841200AE57C7 /* AppDelegate.h */ = {isa = PBXFileReference; lastKnownFileType = sourcecode.c.h; path = AppDelegate.h; sourceTree = "<group>"; };
		7E1383251E51841200AE57C7 /* AppDelegate.m */ = {isa = PBXFileReference; lastKnownFileType = sourcecode.c.objc; path = AppDelegate.m; sourceTree = "<group>"; };
		7E1383271E51841200AE57C7 /* ViewController.h */ = {isa = PBXFileReference; lastKnownFileType = sourcecode.c.h; path = ViewController.h; sourceTree = "<group>"; };
		7E1383281E51841200AE57C7 /* ViewController.m */ = {isa = PBXFileReference; lastKnownFileType = sourcecode.c.objc; path = ViewController.m; sourceTree = "<group>"; };
		7E13832B1E51841200AE57C7 /* Base */ = {isa = PBXFileReference; lastKnownFileType = file.storyboard; name = Base; path = Base.lproj/Main.storyboard; sourceTree = "<group>"; };
		7E13832D1E51841200AE57C7 /* Assets.xcassets */ = {isa = PBXFileReference; lastKnownFileType = folder.assetcatalog; path = Assets.xcassets; sourceTree = "<group>"; };
		7E1383301E51841200AE57C7 /* Base */ = {isa = PBXFileReference; lastKnownFileType = file.storyboard; name = Base; path = Base.lproj/LaunchScreen.storyboard; sourceTree = "<group>"; };
		7E1383321E51841200AE57C7 /* Info.plist */ = {isa = PBXFileReference; lastKnownFileType = text.plist.xml; path = Info.plist; sourceTree = "<group>"; };
		7E1383371E51841200AE57C7 /* CCPUBSUITests.xctest */ = {isa = PBXFileReference; explicitFileType = wrapper.cfbundle; includeInIndex = 0; path = CCPUBSUITests.xctest; sourceTree = BUILT_PRODUCTS_DIR; };
		7E13833B1E51841200AE57C7 /* CCPUBSUITests.m */ = {isa = PBXFileReference; lastKnownFileType = sourcecode.c.objc; path = CCPUBSUITests.m; sourceTree = "<group>"; };
		7E13833D1E51841200AE57C7 /* Info.plist */ = {isa = PBXFileReference; lastKnownFileType = text.plist.xml; path = Info.plist; sourceTree = "<group>"; };
		7E1383471E5184CA00AE57C7 /* UIViewController+PageStatistics.h */ = {isa = PBXFileReference; fileEncoding = 4; lastKnownFileType = sourcecode.c.h; path = "UIViewController+PageStatistics.h"; sourceTree = "<group>"; };
		7E1383481E5184CA00AE57C7 /* UIViewController+PageStatistics.m */ = {isa = PBXFileReference; fileEncoding = 4; lastKnownFileType = sourcecode.c.objc; path = "UIViewController+PageStatistics.m"; sourceTree = "<group>"; };
		7E13834A1E5186CC00AE57C7 /* CCPRuntime.h */ = {isa = PBXFileReference; fileEncoding = 4; lastKnownFileType = sourcecode.c.h; path = CCPRuntime.h; sourceTree = "<group>"; };
		7E13834B1E5186CC00AE57C7 /* CCPRuntime.m */ = {isa = PBXFileReference; fileEncoding = 4; lastKnownFileType = sourcecode.c.objc; path = CCPRuntime.m; sourceTree = "<group>"; };
		7E7561FF1E51DE6B0044751A /* UIControl+ControlStatistics.h */ = {isa = PBXFileReference; fileEncoding = 4; lastKnownFileType = sourcecode.c.h; path = "UIControl+ControlStatistics.h"; sourceTree = "<group>"; };
		7E7562001E51DE6B0044751A /* UIControl+ControlStatistics.m */ = {isa = PBXFileReference; fileEncoding = 4; lastKnownFileType = sourcecode.c.objc; path = "UIControl+ControlStatistics.m"; sourceTree = "<group>"; };
		7E7562021E51E9220044751A /* TestViewController.h */ = {isa = PBXFileReference; fileEncoding = 4; lastKnownFileType = sourcecode.c.h; path = TestViewController.h; sourceTree = "<group>"; };
		7E7562031E51E9220044751A /* TestViewController.m */ = {isa = PBXFileReference; fileEncoding = 4; lastKnownFileType = sourcecode.c.objc; path = TestViewController.m; sourceTree = "<group>"; };
/* End PBXFileReference section */

/* Begin PBXFrameworksBuildPhase section */
		7E13831B1E51841200AE57C7 /* Frameworks */ = {
			isa = PBXFrameworksBuildPhase;
			buildActionMask = 2147483647;
			files = (
			);
			runOnlyForDeploymentPostprocessing = 0;
		};
		7E1383341E51841200AE57C7 /* Frameworks */ = {
			isa = PBXFrameworksBuildPhase;
			buildActionMask = 2147483647;
			files = (
			);
			runOnlyForDeploymentPostprocessing = 0;
		};
/* End PBXFrameworksBuildPhase section */

/* Begin PBXGroup section */
		7E1383151E51841200AE57C7 = {
			isa = PBXGroup;
			children = (
				7E1383201E51841200AE57C7 /* CCPUBS */,
				7E13833A1E51841200AE57C7 /* CCPUBSUITests */,
				7E13831F1E51841200AE57C7 /* Products */,
			);
			sourceTree = "<group>";
		};
		7E13831F1E51841200AE57C7 /* Products */ = {
			isa = PBXGroup;
			children = (
				7E13831E1E51841200AE57C7 /* CCPUBS.app */,
				7E1383371E51841200AE57C7 /* CCPUBSUITests.xctest */,
			);
			name = Products;
			sourceTree = "<group>";
		};
		7E1383201E51841200AE57C7 /* CCPUBS */ = {
			isa = PBXGroup;
			children = (
				7E1383461E51849A00AE57C7 /* UBS */,
				7E1383241E51841200AE57C7 /* AppDelegate.h */,
				7E1383251E51841200AE57C7 /* AppDelegate.m */,
				7E1383271E51841200AE57C7 /* ViewController.h */,
				7E1383281E51841200AE57C7 /* ViewController.m */,
				7E7562021E51E9220044751A /* TestViewController.h */,
				7E7562031E51E9220044751A /* TestViewController.m */,
				7E13832A1E51841200AE57C7 /* Main.storyboard */,
				7E13832D1E51841200AE57C7 /* Assets.xcassets */,
				7E13832F1E51841200AE57C7 /* LaunchScreen.storyboard */,
				7E1383321E51841200AE57C7 /* Info.plist */,
				7E1383211E51841200AE57C7 /* Supporting Files */,
			);
			path = CCPUBS;
			sourceTree = "<group>";
		};
		7E1383211E51841200AE57C7 /* Supporting Files */ = {
			isa = PBXGroup;
			children = (
				7E1383221E51841200AE57C7 /* main.m */,
			);
			name = "Supporting Files";
			sourceTree = "<group>";
		};
		7E13833A1E51841200AE57C7 /* CCPUBSUITests */ = {
			isa = PBXGroup;
			children = (
				7E13833B1E51841200AE57C7 /* CCPUBSUITests.m */,
				7E13833D1E51841200AE57C7 /* Info.plist */,
			);
			path = CCPUBSUITests;
			sourceTree = "<group>";
		};
		7E1383461E51849A00AE57C7 /* UBS */ = {
			isa = PBXGroup;
			children = (
				7E13834A1E5186CC00AE57C7 /* CCPRuntime.h */,
				7E13834B1E5186CC00AE57C7 /* CCPRuntime.m */,
				7E1383471E5184CA00AE57C7 /* UIViewController+PageStatistics.h */,
				7E1383481E5184CA00AE57C7 /* UIViewController+PageStatistics.m */,
				7E7561FF1E51DE6B0044751A /* UIControl+ControlStatistics.h */,
				7E7562001E51DE6B0044751A /* UIControl+ControlStatistics.m */,
			);
			name = UBS;
			sourceTree = "<group>";
		};
/* End PBXGroup section */

/* Begin PBXNativeTarget section */
		7E13831D1E51841200AE57C7 /* CCPUBS */ = {
			isa = PBXNativeTarget;
			buildConfigurationList = 7E1383401E51841200AE57C7 /* Build configuration list for PBXNativeTarget "CCPUBS" */;
			buildPhases = (
				7E13831A1E51841200AE57C7 /* Sources */,
				7E13831B1E51841200AE57C7 /* Frameworks */,
				7E13831C1E51841200AE57C7 /* Resources */,
			);
			buildRules = (
			);
			dependencies = (
			);
			name = CCPUBS;
			productName = CCPUBS;
			productReference = 7E13831E1E51841200AE57C7 /* CCPUBS.app */;
			productType = "com.apple.product-type.application";
		};
		7E1383361E51841200AE57C7 /* CCPUBSUITests */ = {
			isa = PBXNativeTarget;
			buildConfigurationList = 7E1383431E51841200AE57C7 /* Build configuration list for PBXNativeTarget "CCPUBSUITests" */;
			buildPhases = (
				7E1383331E51841200AE57C7 /* Sources */,
				7E1383341E51841200AE57C7 /* Frameworks */,
				7E1383351E51841200AE57C7 /* Resources */,
			);
			buildRules = (
			);
			dependencies = (
				7E1383391E51841200AE57C7 /* PBXTargetDependency */,
			);
			name = CCPUBSUITests;
			productName = CCPUBSUITests;
			productReference = 7E1383371E51841200AE57C7 /* CCPUBSUITests.xctest */;
			productType = "com.apple.product-type.bundle.ui-testing";
		};
/* End PBXNativeTarget section */

/* Begin PBXProject section */
		7E1383161E51841200AE57C7 /* Project object */ = {
			isa = PBXProject;
			attributes = {
				LastUpgradeCheck = 0820;
				ORGANIZATIONNAME = chengpeng.chu;
				TargetAttributes = {
					7E13831D1E51841200AE57C7 = {
						CreatedOnToolsVersion = 8.2.1;
						DevelopmentTeam = H2969SVRUG;
						ProvisioningStyle = Automatic;
					};
					7E1383361E51841200AE57C7 = {
						CreatedOnToolsVersion = 8.2.1;
						DevelopmentTeam = H2969SVRUG;
						ProvisioningStyle = Automatic;
						TestTargetID = 7E13831D1E51841200AE57C7;
					};
				};
			};
			buildConfigurationList = 7E1383191E51841200AE57C7 /* Build configuration list for PBXProject "CCPUBS" */;
			compatibilityVersion = "Xcode 3.2";
			developmentRegion = English;
			hasScannedForEncodings = 0;
			knownRegions = (
				en,
				Base,
			);
			mainGroup = 7E1383151E51841200AE57C7;
			productRefGroup = 7E13831F1E51841200AE57C7 /* Products */;
			projectDirPath = "";
			projectRoot = "";
			targets = (
				7E13831D1E51841200AE57C7 /* CCPUBS */,
				7E1383361E51841200AE57C7 /* CCPUBSUITests */,
			);
		};
/* End PBXProject section */

/* Begin PBXResourcesBuildPhase section */
		7E13831C1E51841200AE57C7 /* Resources */ = {
			isa = PBXResourcesBuildPhase;
			buildActionMask = 2147483647;
			files = (
				7E1383311E51841200AE57C7 /* LaunchScreen.storyboard in Resources */,
				7E13832E1E51841200AE57C7 /* Assets.xcassets in Resources */,
				7E13832C1E51841200AE57C7 /* Main.storyboard in Resources */,
			);
			runOnlyForDeploymentPostprocessing = 0;
		};
		7E1383351E51841200AE57C7 /* Resources */ = {
			isa = PBXResourcesBuildPhase;
			buildActionMask = 2147483647;
			files = (
			);
			runOnlyForDeploymentPostprocessing = 0;
		};
/* End PBXResourcesBuildPhase section */

/* Begin PBXSourcesBuildPhase section */
		7E13831A1E51841200AE57C7 /* Sources */ = {
			isa = PBXSourcesBuildPhase;
			buildActionMask = 2147483647;
			files = (
				7E1383491E5184CA00AE57C7 /* UIViewController+PageStatistics.m in Sources */,
				7E13834C1E5186CC00AE57C7 /* CCPRuntime.m in Sources */,
				7E7562041E51E9220044751A /* TestViewController.m in Sources */,
				7E7562011E51DE6B0044751A /* UIControl+ControlStatistics.m in Sources */,
				7E1383291E51841200AE57C7 /* ViewController.m in Sources */,
				7E1383261E51841200AE57C7 /* AppDelegate.m in Sources */,
				7E1383231E51841200AE57C7 /* main.m in Sources */,
			);
			runOnlyForDeploymentPostprocessing = 0;
		};
		7E1383331E51841200AE57C7 /* Sources */ = {
			isa = PBXSourcesBuildPhase;
			buildActionMask = 2147483647;
			files = (
				7E13833C1E51841200AE57C7 /* CCPUBSUITests.m in Sources */,
			);
			runOnlyForDeploymentPostprocessing = 0;
		};
/* End PBXSourcesBuildPhase section */

/* Begin PBXTargetDependency section */
		7E1383391E51841200AE57C7 /* PBXTargetDependency */ = {
			isa = PBXTargetDependency;
			target = 7E13831D1E51841200AE57C7 /* CCPUBS */;
			targetProxy = 7E1383381E51841200AE57C7 /* PBXContainerItemProxy */;
		};
/* End PBXTargetDependency section */

/* Begin PBXVariantGroup section */
		7E13832A1E51841200AE57C7 /* Main.storyboard */ = {
			isa = PBXVariantGroup;
			children = (
				7E13832B1E51841200AE57C7 /* Base */,
			);
			name = Main.storyboard;
			sourceTree = "<group>";
		};
		7E13832F1E51841200AE57C7 /* LaunchScreen.storyboard */ = {
			isa = PBXVariantGroup;
			children = (
				7E1383301E51841200AE57C7 /* Base */,
			);
			name = LaunchScreen.storyboard;
			sourceTree = "<group>";
		};
/* End PBXVariantGroup section */

/* Begin XCBuildConfiguration section */
		7E13833E1E51841200AE57C7 /* Debug */ = {
			isa = XCBuildConfiguration;
			buildSettings = {
				ALWAYS_SEARCH_USER_PATHS = NO;
				CLANG_ANALYZER_NONNULL = YES;
				CLANG_CXX_LANGUAGE_STANDARD = "gnu++0x";
				CLANG_CXX_LIBRARY = "libc++";
				CLANG_ENABLE_MODULES = YES;
				CLANG_ENABLE_OBJC_ARC = YES;
				CLANG_WARN_BOOL_CONVERSION = YES;
				CLANG_WARN_CONSTANT_CONVERSION = YES;
				CLANG_WARN_DIRECT_OBJC_ISA_USAGE = YES_ERROR;
				CLANG_WARN_DOCUMENTATION_COMMENTS = YES;
				CLANG_WARN_EMPTY_BODY = YES;
				CLANG_WARN_ENUM_CONVERSION = YES;
				CLANG_WARN_INFINITE_RECURSION = YES;
				CLANG_WARN_INT_CONVERSION = YES;
				CLANG_WARN_OBJC_ROOT_CLASS = YES_ERROR;
				CLANG_WARN_SUSPICIOUS_MOVE = YES;
				CLANG_WARN_UNREACHABLE_CODE = YES;
				CLANG_WARN__DUPLICATE_METHOD_MATCH = YES;
				"CODE_SIGN_IDENTITY[sdk=iphoneos*]" = "iPhone Developer";
				COPY_PHASE_STRIP = NO;
				DEBUG_INFORMATION_FORMAT = dwarf;
				ENABLE_STRICT_OBJC_MSGSEND = YES;
				ENABLE_TESTABILITY = YES;
				GCC_C_LANGUAGE_STANDARD = gnu99;
				GCC_DYNAMIC_NO_PIC = NO;
				GCC_NO_COMMON_BLOCKS = YES;
				GCC_OPTIMIZATION_LEVEL = 0;
				GCC_PREPROCESSOR_DEFINITIONS = (
					"DEBUG=1",
					"$(inherited)",
				);
				GCC_WARN_64_TO_32_BIT_CONVERSION = YES;
				GCC_WARN_ABOUT_RETURN_TYPE = YES_ERROR;
				GCC_WARN_UNDECLARED_SELECTOR = YES;
				GCC_WARN_UNINITIALIZED_AUTOS = YES_AGGRESSIVE;
				GCC_WARN_UNUSED_FUNCTION = YES;
				GCC_WARN_UNUSED_VARIABLE = YES;
				IPHONEOS_DEPLOYMENT_TARGET = 10.2;
				MTL_ENABLE_DEBUG_INFO = YES;
				ONLY_ACTIVE_ARCH = YES;
				SDKROOT = iphoneos;
			};
			name = Debug;
		};
		7E13833F1E51841200AE57C7 /* Release */ = {
			isa = XCBuildConfiguration;
			buildSettings = {
				ALWAYS_SEARCH_USER_PATHS = NO;
				CLANG_ANALYZER_NONNULL = YES;
				CLANG_CXX_LANGUAGE_STANDARD = "gnu++0x";
				CLANG_CXX_LIBRARY = "libc++";
				CLANG_ENABLE_MODULES = YES;
				CLANG_ENABLE_OBJC_ARC = YES;
				CLANG_WARN_BOOL_CONVERSION = YES;
				CLANG_WARN_CONSTANT_CONVERSION = YES;
				CLANG_WARN_DIRECT_OBJC_ISA_USAGE = YES_ERROR;
				CLANG_WARN_DOCUMENTATION_COMMENTS = YES;
				CLANG_WARN_EMPTY_BODY = YES;
				CLANG_WARN_ENUM_CONVERSION = YES;
				CLANG_WARN_INFINITE_RECURSION = YES;
				CLANG_WARN_INT_CONVERSION = YES;
				CLANG_WARN_OBJC_ROOT_CLASS = YES_ERROR;
				CLANG_WARN_SUSPICIOUS_MOVE = YES;
				CLANG_WARN_UNREACHABLE_CODE = YES;
				CLANG_WARN__DUPLICATE_METHOD_MATCH = YES;
				"CODE_SIGN_IDENTITY[sdk=iphoneos*]" = "iPhone Developer";
				COPY_PHASE_STRIP = NO;
				DEBUG_INFORMATION_FORMAT = "dwarf-with-dsym";
				ENABLE_NS_ASSERTIONS = NO;
				ENABLE_STRICT_OBJC_MSGSEND = YES;
				GCC_C_LANGUAGE_STANDARD = gnu99;
				GCC_NO_COMMON_BLOCKS = YES;
				GCC_WARN_64_TO_32_BIT_CONVERSION = YES;
				GCC_WARN_ABOUT_RETURN_TYPE = YES_ERROR;
				GCC_WARN_UNDECLARED_SELECTOR = YES;
				GCC_WARN_UNINITIALIZED_AUTOS = YES_AGGRESSIVE;
				GCC_WARN_UNUSED_FUNCTION = YES;
				GCC_WARN_UNUSED_VARIABLE = YES;
				IPHONEOS_DEPLOYMENT_TARGET = 10.2;
				MTL_ENABLE_DEBUG_INFO = NO;
				SDKROOT = iphoneos;
				VALIDATE_PRODUCT = YES;
			};
			name = Release;
		};
		7E1383411E51841200AE57C7 /* Debug */ = {
			isa = XCBuildConfiguration;
			buildSettings = {
				ASSETCATALOG_COMPILER_APPICON_NAME = AppIcon;
				DEVELOPMENT_TEAM = H2969SVRUG;
				INFOPLIST_FILE = CCPUBS/Info.plist;
				LD_RUNPATH_SEARCH_PATHS = "$(inherited) @executable_path/Frameworks";
				PRODUCT_BUNDLE_IDENTIFIER = com.ruiyi.CCPUBS;
				PRODUCT_NAME = "$(TARGET_NAME)";
			};
			name = Debug;
		};
		7E1383421E51841200AE57C7 /* Release */ = {
			isa = XCBuildConfiguration;
			buildSettings = {
				ASSETCATALOG_COMPILER_APPICON_NAME = AppIcon;
				DEVELOPMENT_TEAM = H2969SVRUG;
				INFOPLIST_FILE = CCPUBS/Info.plist;
				LD_RUNPATH_SEARCH_PATHS = "$(inherited) @executable_path/Frameworks";
				PRODUCT_BUNDLE_IDENTIFIER = com.ruiyi.CCPUBS;
				PRODUCT_NAME = "$(TARGET_NAME)";
			};
			name = Release;
		};
		7E1383441E51841200AE57C7 /* Debug */ = {
			isa = XCBuildConfiguration;
			buildSettings = {
				DEVELOPMENT_TEAM = H2969SVRUG;
				INFOPLIST_FILE = CCPUBSUITests/Info.plist;
				LD_RUNPATH_SEARCH_PATHS = "$(inherited) @executable_path/Frameworks @loader_path/Frameworks";
				PRODUCT_BUNDLE_IDENTIFIER = com.ruiyi.CCPUBSUITests;
				PRODUCT_NAME = "$(TARGET_NAME)";
				TEST_TARGET_NAME = CCPUBS;
			};
			name = Debug;
		};
		7E1383451E51841200AE57C7 /* Release */ = {
			isa = XCBuildConfiguration;
			buildSettings = {
				DEVELOPMENT_TEAM = H2969SVRUG;
				INFOPLIST_FILE = CCPUBSUITests/Info.plist;
				LD_RUNPATH_SEARCH_PATHS = "$(inherited) @executable_path/Frameworks @loader_path/Frameworks";
				PRODUCT_BUNDLE_IDENTIFIER = com.ruiyi.CCPUBSUITests;
				PRODUCT_NAME = "$(TARGET_NAME)";
				TEST_TARGET_NAME = CCPUBS;
			};
			name = Release;
		};
/* End XCBuildConfiguration section */

/* Begin XCConfigurationList section */
		7E1383191E51841200AE57C7 /* Build configuration list for PBXProject "CCPUBS" */ = {
			isa = XCConfigurationList;
			buildConfigurations = (
				7E13833E1E51841200AE57C7 /* Debug */,
				7E13833F1E51841200AE57C7 /* Release */,
			);
			defaultConfigurationIsVisible = 0;
			defaultConfigurationName = Release;
		};
		7E1383401E51841200AE57C7 /* Build configuration list for PBXNativeTarget "CCPUBS" */ = {
			isa = XCConfigurationList;
			buildConfigurations = (
				7E1383411E51841200AE57C7 /* Debug */,
				7E1383421E51841200AE57C7 /* Release */,
			);
			defaultConfigurationIsVisible = 0;
			defaultConfigurationName = Release;
		};
		7E1383431E51841200AE57C7 /* Build configuration list for PBXNativeTarget "CCPUBSUITests" */ = {
			isa = XCConfigurationList;
			buildConfigurations = (
				7E1383441E51841200AE57C7 /* Debug */,
				7E1383451E51841200AE57C7 /* Release */,
			);
			defaultConfigurationIsVisible = 0;
			defaultConfigurationName = Release;
		};
/* End XCConfigurationList section */
	};
	rootObject = 7E1383161E51841200AE57C7 /* Project object */;
}
